
Microsoft Visual Studio Solution File, Format Version 12.00
Project("{FAE04EC0-301F-11D3-BF4B-00C04F79EFBC}") = "Post.Cmd.Api", "Post.Cmd\Post.Cmd.Api\Post.Cmd.Api.csproj", "{AAC76AAD-1F50-4DD6-99ED-4A346BF6F5D1}"
EndProject
Project("{FAE04EC0-301F-11D3-BF4B-00C04F79EFBC}") = "Post.Cmd.Domain", "Post.Cmd\Post.Cmd.Domain\Post.Cmd.Domain.csproj", "{B34B1918-A706-49ED-8F1F-0AEEB636F091}"
EndProject
Project("{FAE04EC0-301F-11D3-BF4B-00C04F79EFBC}") = "Post.Cmd.Infrastructure", "Post.Cmd\Post.Cmd.Infrastructure\Post.Cmd.Infrastructure.csproj", "{B072232B-DEBA-43EB-8948-9B2921ABB0DA}"
EndProject
Project("{2150E333-8FDC-42A3-9474-1A3956D46DE8}") = "Post.Cmd", "Post.Cmd", "{383FB466-92AD-4029-ACD7-1774B5772349}"
EndProject
Project("{2150E333-8FDC-42A3-9474-1A3956D46DE8}") = "Post.Query", "Post.Query", "{BE38F64F-70A3-4A13-8D46-B95C7B1C553B}"
EndProject
Project("{FAE04EC0-301F-11D3-BF4B-00C04F79EFBC}") = "Post.Query.Api", "Post.Query\Post.Query.Api\Post.Query.Api.csproj", "{35F4071A-F81D-4CFC-9F47-1C946DABED7B}"
EndProject
Project("{FAE04EC0-301F-11D3-BF4B-00C04F79EFBC}") = "Post.Query.Domain", "Post.Query\Post.Query.Domain\Post.Query.Domain.csproj", "{7BD34DEF-873F-4C83-A719-78157CB046FA}"
EndProject
Project("{FAE04EC0-301F-11D3-BF4B-00C04F79EFBC}") = "Post.Query.Infrastructure", "Post.Query\Post.Query.Infrastructure\Post.Query.Infrastructure.csproj", "{E9FCAFF5-3181-44A7-B717-D2B2D59B7678}"
EndProject
Project("{FAE04EC0-301F-11D3-BF4B-00C04F79EFBC}") = "Post.Common", "Post.Common\Post.Common.csproj", "{8359D24F-A211-45C9-8D49-740A75E89622}"
EndProject
Project("{FAE04EC0-301F-11D3-BF4B-00C04F79EFBC}") = "CQRS.Core", "..\CQRS-ES\CQRS.Core\CQRS.Core.csproj", "{D1CBD7A7-43B1-4A6B-9010-41591B063CDC}"
EndProject
Global
	GlobalSection(SolutionConfigurationPlatforms) = preSolution
		Debug|Any CPU = Debug|Any CPU
		Release|Any CPU = Release|Any CPU
	EndGlobalSection
	GlobalSection(ProjectConfigurationPlatforms) = postSolution
		{AAC76AAD-1F50-4DD6-99ED-4A346BF6F5D1}.Debug|Any CPU.ActiveCfg = Debug|Any CPU
		{AAC76AAD-1F50-4DD6-99ED-4A346BF6F5D1}.Debug|Any CPU.Build.0 = Debug|Any CPU
		{AAC76AAD-1F50-4DD6-99ED-4A346BF6F5D1}.Release|Any CPU.ActiveCfg = Release|Any CPU
		{AAC76AAD-1F50-4DD6-99ED-4A346BF6F5D1}.Release|Any CPU.Build.0 = Release|Any CPU
		{B34B1918-A706-49ED-8F1F-0AEEB636F091}.Debug|Any CPU.ActiveCfg = Debug|Any CPU
		{B34B1918-A706-49ED-8F1F-0AEEB636F091}.Debug|Any CPU.Build.0 = Debug|Any CPU
		{B34B1918-A706-49ED-8F1F-0AEEB636F091}.Release|Any CPU.ActiveCfg = Release|Any CPU
		{B34B1918-A706-49ED-8F1F-0AEEB636F091}.Release|Any CPU.Build.0 = Release|Any CPU
		{B072232B-DEBA-43EB-8948-9B2921ABB0DA}.Debug|Any CPU.ActiveCfg = Debug|Any CPU
		{B072232B-DEBA-43EB-8948-9B2921ABB0DA}.Debug|Any CPU.Build.0 = Debug|Any CPU
		{B072232B-DEBA-43EB-8948-9B2921ABB0DA}.Release|Any CPU.ActiveCfg = Release|Any CPU
		{B072232B-DEBA-43EB-8948-9B2921ABB0DA}.Release|Any CPU.Build.0 = Release|Any CPU
		{35F4071A-F81D-4CFC-9F47-1C946DABED7B}.Debug|Any CPU.ActiveCfg = Debug|Any CPU
		{35F4071A-F81D-4CFC-9F47-1C946DABED7B}.Debug|Any CPU.Build.0 = Debug|Any CPU
		{35F4071A-F81D-4CFC-9F47-1C946DABED7B}.Release|Any CPU.ActiveCfg = Release|Any CPU
		{35F4071A-F81D-4CFC-9F47-1C946DABED7B}.Release|Any CPU.Build.0 = Release|Any CPU
		{7BD34DEF-873F-4C83-A719-78157CB046FA}.Debug|Any CPU.ActiveCfg = Debug|Any CPU
		{7BD34DEF-873F-4C83-A719-78157CB046FA}.Debug|Any CPU.Build.0 = Debug|Any CPU
		{7BD34DEF-873F-4C83-A719-78157CB046FA}.Release|Any CPU.ActiveCfg = Release|Any CPU
		{7BD34DEF-873F-4C83-A719-78157CB046FA}.Release|Any CPU.Build.0 = Release|Any CPU
		{E9FCAFF5-3181-44A7-B717-D2B2D59B7678}.Debug|Any CPU.ActiveCfg = Debug|Any CPU
		{E9FCAFF5-3181-44A7-B717-D2B2D59B7678}.Debug|Any CPU.Build.0 = Debug|Any CPU
		{E9FCAFF5-3181-44A7-B717-D2B2D59B7678}.Release|Any CPU.ActiveCfg = Release|Any CPU
		{E9FCAFF5-3181-44A7-B717-D2B2D59B7678}.Release|Any CPU.Build.0 = Release|Any CPU
		{8359D24F-A211-45C9-8D49-740A75E89622}.Debug|Any CPU.ActiveCfg = Debug|Any CPU
		{8359D24F-A211-45C9-8D49-740A75E89622}.Debug|Any CPU.Build.0 = Debug|Any CPU
		{8359D24F-A211-45C9-8D49-740A75E89622}.Release|Any CPU.ActiveCfg = Release|Any CPU
		{8359D24F-A211-45C9-8D49-740A75E89622}.Release|Any CPU.Build.0 = Release|Any CPU
		{D1CBD7A7-43B1-4A6B-9010-41591B063CDC}.Debug|Any CPU.ActiveCfg = Debug|Any CPU
		{D1CBD7A7-43B1-4A6B-9010-41591B063CDC}.Debug|Any CPU.Build.0 = Debug|Any CPU
		{D1CBD7A7-43B1-4A6B-9010-41591B063CDC}.Release|Any CPU.ActiveCfg = Release|Any CPU
		{D1CBD7A7-43B1-4A6B-9010-41591B063CDC}.Release|Any CPU.Build.0 = Release|Any CPU
	EndGlobalSection
	GlobalSection(NestedProjects) = preSolution
		{AAC76AAD-1F50-4DD6-99ED-4A346BF6F5D1} = {383FB466-92AD-4029-ACD7-1774B5772349}
		{B34B1918-A706-49ED-8F1F-0AEEB636F091} = {383FB466-92AD-4029-ACD7-1774B5772349}
		{B072232B-DEBA-43EB-8948-9B2921ABB0DA} = {383FB466-92AD-4029-ACD7-1774B5772349}
		{35F4071A-F81D-4CFC-9F47-1C946DABED7B} = {BE38F64F-70A3-4A13-8D46-B95C7B1C553B}
		{7BD34DEF-873F-4C83-A719-78157CB046FA} = {BE38F64F-70A3-4A13-8D46-B95C7B1C553B}
		{E9FCAFF5-3181-44A7-B717-D2B2D59B7678} = {BE38F64F-70A3-4A13-8D46-B95C7B1C553B}
	EndGlobalSection
EndGlobal
